// !$*UTF8*$!
{
	archiveVersion = 1;
	classes = {
	};
	objectVersion = 50;
	objects = {

/* Begin PBXBuildFile section */
		AB9735B8259B60E000C269AA /* CreateView.swift in Sources */ = {isa = PBXBuildFile; fileRef = AB9735B7259B60E000C269AA /* CreateView.swift */; };
		AB9735C0259B6ADA00C269AA /* DropDownSubView.swift in Sources */ = {isa = PBXBuildFile; fileRef = AB9735BF259B6ADA00C269AA /* DropDownSubView.swift */; };
		AB9735CE259B6E5D00C269AA /* ExtLandingView.swift in Sources */ = {isa = PBXBuildFile; fileRef = AB9735CD259B6E5D00C269AA /* ExtLandingView.swift */; };
		AB9735E5259B7A7F00C269AA /* RemindView.swift in Sources */ = {isa = PBXBuildFile; fileRef = AB9735E4259B7A7F00C269AA /* RemindView.swift */; };
		AB973606259BA44A00C269AA /* CreateChallengeViewModel.swift in Sources */ = {isa = PBXBuildFile; fileRef = AB973605259BA44A00C269AA /* CreateChallengeViewModel.swift */; };
		AB97360F259BA55500C269AA /* DropdownItemProtocol.swift in Sources */ = {isa = PBXBuildFile; fileRef = AB97360E259BA55500C269AA /* DropdownItemProtocol.swift */; };
		ABA57F49259A77B9006D378C /* SwiftUI_IncrementCombineApp.swift in Sources */ = {isa = PBXBuildFile; fileRef = ABA57F48259A77B9006D378C /* SwiftUI_IncrementCombineApp.swift */; };
		ABA57F4B259A77B9006D378C /* LandingView.swift in Sources */ = {isa = PBXBuildFile; fileRef = ABA57F4A259A77B9006D378C /* LandingView.swift */; };
		ABA57F4D259A77BB006D378C /* Assets.xcassets in Resources */ = {isa = PBXBuildFile; fileRef = ABA57F4C259A77BB006D378C /* Assets.xcassets */; };
		ABA57F50259A77BB006D378C /* Preview Assets.xcassets in Resources */ = {isa = PBXBuildFile; fileRef = ABA57F4F259A77BB006D378C /* Preview Assets.xcassets */; };
		ABA57F5B259A77BB006D378C /* SwiftUI_IncrementCombineTests.swift in Sources */ = {isa = PBXBuildFile; fileRef = ABA57F5A259A77BB006D378C /* SwiftUI_IncrementCombineTests.swift */; };
		ABA57F66259A77BB006D378C /* SwiftUI_IncrementCombineUITests.swift in Sources */ = {isa = PBXBuildFile; fileRef = ABA57F65259A77BB006D378C /* SwiftUI_IncrementCombineUITests.swift */; };
		ABA57F79259A77DD006D378C /* LibTools.swift in Sources */ = {isa = PBXBuildFile; fileRef = ABA57F78259A77DD006D378C /* LibTools.swift */; };
		ABA57F81259A77F3006D378C /* LibTools2.swift in Sources */ = {isa = PBXBuildFile; fileRef = ABA57F80259A77F3006D378C /* LibTools2.swift */; };
		ABA57F86259A7811006D378C /* LibModifiers.swift in Sources */ = {isa = PBXBuildFile; fileRef = ABA57F85259A7811006D378C /* LibModifiers.swift */; };
		ABF38794259AB8E4007BD544 /* ModifierStructHelpers.swift in Sources */ = {isa = PBXBuildFile; fileRef = ABF38793259AB8E4007BD544 /* ModifierStructHelpers.swift */; };
/* End PBXBuildFile section */

/* Begin PBXContainerItemProxy section */
		ABA57F57259A77BB006D378C /* PBXContainerItemProxy */ = {
			isa = PBXContainerItemProxy;
			containerPortal = ABA57F3D259A77B9006D378C /* Project object */;
			proxyType = 1;
			remoteGlobalIDString = ABA57F44259A77B9006D378C;
			remoteInfo = SwiftUI_IncrementCombine;
		};
		ABA57F62259A77BB006D378C /* PBXContainerItemProxy */ = {
			isa = PBXContainerItemProxy;
			containerPortal = ABA57F3D259A77B9006D378C /* Project object */;
			proxyType = 1;
			remoteGlobalIDString = ABA57F44259A77B9006D378C;
			remoteInfo = SwiftUI_IncrementCombine;
		};
/* End PBXContainerItemProxy section */

/* Begin PBXFileReference section */
		AB9735B7259B60E000C269AA /* CreateView.swift */ = {isa = PBXFileReference; lastKnownFileType = sourcecode.swift; path = CreateView.swift; sourceTree = "<group>"; };
		AB9735BF259B6ADA00C269AA /* DropDownSubView.swift */ = {isa = PBXFileReference; lastKnownFileType = sourcecode.swift; path = DropDownSubView.swift; sourceTree = "<group>"; };
		AB9735CD259B6E5D00C269AA /* ExtLandingView.swift */ = {isa = PBXFileReference; lastKnownFileType = sourcecode.swift; path = ExtLandingView.swift; sourceTree = "<group>"; };
		AB9735E4259B7A7F00C269AA /* RemindView.swift */ = {isa = PBXFileReference; lastKnownFileType = sourcecode.swift; path = RemindView.swift; sourceTree = "<group>"; };
		AB973605259BA44A00C269AA /* CreateChallengeViewModel.swift */ = {isa = PBXFileReference; lastKnownFileType = sourcecode.swift; path = CreateChallengeViewModel.swift; sourceTree = "<group>"; };
		AB97360E259BA55500C269AA /* DropdownItemProtocol.swift */ = {isa = PBXFileReference; lastKnownFileType = sourcecode.swift; path = DropdownItemProtocol.swift; sourceTree = "<group>"; };
		ABA57F45259A77B9006D378C /* SwiftUI_IncrementCombine.app */ = {isa = PBXFileReference; explicitFileType = wrapper.application; includeInIndex = 0; path = SwiftUI_IncrementCombine.app; sourceTree = BUILT_PRODUCTS_DIR; };
		ABA57F48259A77B9006D378C /* SwiftUI_IncrementCombineApp.swift */ = {isa = PBXFileReference; lastKnownFileType = sourcecode.swift; path = SwiftUI_IncrementCombineApp.swift; sourceTree = "<group>"; };
		ABA57F4A259A77B9006D378C /* LandingView.swift */ = {isa = PBXFileReference; lastKnownFileType = sourcecode.swift; path = LandingView.swift; sourceTree = "<group>"; };
		ABA57F4C259A77BB006D378C /* Assets.xcassets */ = {isa = PBXFileReference; lastKnownFileType = folder.assetcatalog; path = Assets.xcassets; sourceTree = "<group>"; };
		ABA57F4F259A77BB006D378C /* Preview Assets.xcassets */ = {isa = PBXFileReference; lastKnownFileType = folder.assetcatalog; path = "Preview Assets.xcassets"; sourceTree = "<group>"; };
		ABA57F51259A77BB006D378C /* Info.plist */ = {isa = PBXFileReference; lastKnownFileType = text.plist.xml; path = Info.plist; sourceTree = "<group>"; };
		ABA57F56259A77BB006D378C /* SwiftUI_IncrementCombineTests.xctest */ = {isa = PBXFileReference; explicitFileType = wrapper.cfbundle; includeInIndex = 0; path = SwiftUI_IncrementCombineTests.xctest; sourceTree = BUILT_PRODUCTS_DIR; };
		ABA57F5A259A77BB006D378C /* SwiftUI_IncrementCombineTests.swift */ = {isa = PBXFileReference; lastKnownFileType = sourcecode.swift; path = SwiftUI_IncrementCombineTests.swift; sourceTree = "<group>"; };
		ABA57F5C259A77BB006D378C /* Info.plist */ = {isa = PBXFileReference; lastKnownFileType = text.plist.xml; path = Info.plist; sourceTree = "<group>"; };
		ABA57F61259A77BB006D378C /* SwiftUI_IncrementCombineUITests.xctest */ = {isa = PBXFileReference; explicitFileType = wrapper.cfbundle; includeInIndex = 0; path = SwiftUI_IncrementCombineUITests.xctest; sourceTree = BUILT_PRODUCTS_DIR; };
		ABA57F65259A77BB006D378C /* SwiftUI_IncrementCombineUITests.swift */ = {isa = PBXFileReference; lastKnownFileType = sourcecode.swift; path = SwiftUI_IncrementCombineUITests.swift; sourceTree = "<group>"; };
		ABA57F67259A77BB006D378C /* Info.plist */ = {isa = PBXFileReference; lastKnownFileType = text.plist.xml; path = Info.plist; sourceTree = "<group>"; };
		ABA57F78259A77DD006D378C /* LibTools.swift */ = {isa = PBXFileReference; lastKnownFileType = sourcecode.swift; path = LibTools.swift; sourceTree = "<group>"; };
		ABA57F80259A77F3006D378C /* LibTools2.swift */ = {isa = PBXFileReference; lastKnownFileType = sourcecode.swift; path = LibTools2.swift; sourceTree = "<group>"; };
		ABA57F85259A7811006D378C /* LibModifiers.swift */ = {isa = PBXFileReference; lastKnownFileType = sourcecode.swift; path = LibModifiers.swift; sourceTree = "<group>"; };
		ABF38793259AB8E4007BD544 /* ModifierStructHelpers.swift */ = {isa = PBXFileReference; lastKnownFileType = sourcecode.swift; path = ModifierStructHelpers.swift; sourceTree = "<group>"; };
/* End PBXFileReference section */

/* Begin PBXFrameworksBuildPhase section */
		ABA57F42259A77B9006D378C /* Frameworks */ = {
			isa = PBXFrameworksBuildPhase;
			buildActionMask = 2147483647;
			files = (
			);
			runOnlyForDeploymentPostprocessing = 0;
		};
		ABA57F53259A77BB006D378C /* Frameworks */ = {
			isa = PBXFrameworksBuildPhase;
			buildActionMask = 2147483647;
			files = (
			);
			runOnlyForDeploymentPostprocessing = 0;
		};
		ABA57F5E259A77BB006D378C /* Frameworks */ = {
			isa = PBXFrameworksBuildPhase;
			buildActionMask = 2147483647;
			files = (
			);
			runOnlyForDeploymentPostprocessing = 0;
		};
/* End PBXFrameworksBuildPhase section */

/* Begin PBXGroup section */
		AB9735F5259B933A00C269AA /* LandingView+Extensions */ = {
			isa = PBXGroup;
			children = (
				ABA57F4A259A77B9006D378C /* LandingView.swift */,
				AB9735CD259B6E5D00C269AA /* ExtLandingView.swift */,
			);
			path = "LandingView+Extensions";
			sourceTree = "<group>";
		};
		AB97360D259BA54B00C269AA /* Protocols */ = {
			isa = PBXGroup;
			children = (
				AB97360E259BA55500C269AA /* DropdownItemProtocol.swift */,
			);
			path = Protocols;
			sourceTree = "<group>";
		};
		ABA57F3C259A77B9006D378C = {
			isa = PBXGroup;
			children = (
				ABA57F47259A77B9006D378C /* SwiftUI_IncrementCombine */,
				ABA57F59259A77BB006D378C /* SwiftUI_IncrementCombineTests */,
				ABA57F64259A77BB006D378C /* SwiftUI_IncrementCombineUITests */,
				ABA57F46259A77B9006D378C /* Products */,
			);
			sourceTree = "<group>";
		};
		ABA57F46259A77B9006D378C /* Products */ = {
			isa = PBXGroup;
			children = (
				ABA57F45259A77B9006D378C /* SwiftUI_IncrementCombine.app */,
				ABA57F56259A77BB006D378C /* SwiftUI_IncrementCombineTests.xctest */,
				ABA57F61259A77BB006D378C /* SwiftUI_IncrementCombineUITests.xctest */,
			);
			name = Products;
			sourceTree = "<group>";
		};
		ABA57F47259A77B9006D378C /* SwiftUI_IncrementCombine */ = {
			isa = PBXGroup;
			children = (
				ABA57F93259A87FF006D378C /* App */,
				ABA57F92259A87FE006D378C /* Models */,
				ABA57F91259A87FC006D378C /* Views */,
				ABA57F90259A87F9006D378C /* ViewModel */,
				ABA57F76259A77CD006D378C /* Res */,
				ABA57F4C259A77BB006D378C /* Assets.xcassets */,
				ABA57F4E259A77BB006D378C /* Preview Content */,
			);
			path = SwiftUI_IncrementCombine;
			sourceTree = "<group>";
		};
		ABA57F4E259A77BB006D378C /* Preview Content */ = {
			isa = PBXGroup;
			children = (
				ABA57F4F259A77BB006D378C /* Preview Assets.xcassets */,
			);
			path = "Preview Content";
			sourceTree = "<group>";
		};
		ABA57F59259A77BB006D378C /* SwiftUI_IncrementCombineTests */ = {
			isa = PBXGroup;
			children = (
				ABA57F5A259A77BB006D378C /* SwiftUI_IncrementCombineTests.swift */,
				ABA57F5C259A77BB006D378C /* Info.plist */,
			);
			path = SwiftUI_IncrementCombineTests;
			sourceTree = "<group>";
		};
		ABA57F64259A77BB006D378C /* SwiftUI_IncrementCombineUITests */ = {
			isa = PBXGroup;
			children = (
				ABA57F65259A77BB006D378C /* SwiftUI_IncrementCombineUITests.swift */,
				ABA57F67259A77BB006D378C /* Info.plist */,
			);
			path = SwiftUI_IncrementCombineUITests;
			sourceTree = "<group>";
		};
		ABA57F76259A77CD006D378C /* Res */ = {
			isa = PBXGroup;
			children = (
				ABA57F77259A77D0006D378C /* Libs */,
				ABA57F51259A77BB006D378C /* Info.plist */,
			);
			path = Res;
			sourceTree = "<group>";
		};
		ABA57F77259A77D0006D378C /* Libs */ = {
			isa = PBXGroup;
			children = (
				ABA57F78259A77DD006D378C /* LibTools.swift */,
				ABA57F80259A77F3006D378C /* LibTools2.swift */,
				ABA57F85259A7811006D378C /* LibModifiers.swift */,
				ABF38793259AB8E4007BD544 /* ModifierStructHelpers.swift */,
			);
			path = Libs;
			sourceTree = "<group>";
		};
		ABA57F90259A87F9006D378C /* ViewModel */ = {
			isa = PBXGroup;
			children = (
				AB973605259BA44A00C269AA /* CreateChallengeViewModel.swift */,
				AB97360D259BA54B00C269AA /* Protocols */,
			);
			path = ViewModel;
			sourceTree = "<group>";
		};
		ABA57F91259A87FC006D378C /* Views */ = {
			isa = PBXGroup;
			children = (
				ABA57F94259A8818006D378C /* Screens */,
			);
			path = Views;
			sourceTree = "<group>";
		};
		ABA57F92259A87FE006D378C /* Models */ = {
			isa = PBXGroup;
			children = (
			);
			path = Models;
			sourceTree = "<group>";
		};
		ABA57F93259A87FF006D378C /* App */ = {
			isa = PBXGroup;
			children = (
				ABA57F48259A77B9006D378C /* SwiftUI_IncrementCombineApp.swift */,
				AB9735F5259B933A00C269AA /* LandingView+Extensions */,
			);
			path = App;
			sourceTree = "<group>";
		};
		ABA57F94259A8818006D378C /* Screens */ = {
			isa = PBXGroup;
			children = (
				AB9735B7259B60E000C269AA /* CreateView.swift */,
				AB9735E4259B7A7F00C269AA /* RemindView.swift */,
				ABA57F95259A8828006D378C /* SubViews */,
			);
			path = Screens;
			sourceTree = "<group>";
		};
		ABA57F95259A8828006D378C /* SubViews */ = {
			isa = PBXGroup;
			children = (
				AB9735BF259B6ADA00C269AA /* DropDownSubView.swift */,
			);
			path = SubViews;
			sourceTree = "<group>";
		};
/* End PBXGroup section */

/* Begin PBXNativeTarget section */
		ABA57F44259A77B9006D378C /* SwiftUI_IncrementCombine */ = {
			isa = PBXNativeTarget;
			buildConfigurationList = ABA57F6A259A77BB006D378C /* Build configuration list for PBXNativeTarget "SwiftUI_IncrementCombine" */;
			buildPhases = (
				ABA57F41259A77B9006D378C /* Sources */,
				ABA57F42259A77B9006D378C /* Frameworks */,
				ABA57F43259A77B9006D378C /* Resources */,
			);
			buildRules = (
			);
			dependencies = (
			);
			name = SwiftUI_IncrementCombine;
			productName = SwiftUI_IncrementCombine;
			productReference = ABA57F45259A77B9006D378C /* SwiftUI_IncrementCombine.app */;
			productType = "com.apple.product-type.application";
		};
		ABA57F55259A77BB006D378C /* SwiftUI_IncrementCombineTests */ = {
			isa = PBXNativeTarget;
			buildConfigurationList = ABA57F6D259A77BB006D378C /* Build configuration list for PBXNativeTarget "SwiftUI_IncrementCombineTests" */;
			buildPhases = (
				ABA57F52259A77BB006D378C /* Sources */,
				ABA57F53259A77BB006D378C /* Frameworks */,
				ABA57F54259A77BB006D378C /* Resources */,
			);
			buildRules = (
			);
			dependencies = (
				ABA57F58259A77BB006D378C /* PBXTargetDependency */,
			);
			name = SwiftUI_IncrementCombineTests;
			productName = SwiftUI_IncrementCombineTests;
			productReference = ABA57F56259A77BB006D378C /* SwiftUI_IncrementCombineTests.xctest */;
			productType = "com.apple.product-type.bundle.unit-test";
		};
		ABA57F60259A77BB006D378C /* SwiftUI_IncrementCombineUITests */ = {
			isa = PBXNativeTarget;
			buildConfigurationList = ABA57F70259A77BB006D378C /* Build configuration list for PBXNativeTarget "SwiftUI_IncrementCombineUITests" */;
			buildPhases = (
				ABA57F5D259A77BB006D378C /* Sources */,
				ABA57F5E259A77BB006D378C /* Frameworks */,
				ABA57F5F259A77BB006D378C /* Resources */,
			);
			buildRules = (
			);
			dependencies = (
				ABA57F63259A77BB006D378C /* PBXTargetDependency */,
			);
			name = SwiftUI_IncrementCombineUITests;
			productName = SwiftUI_IncrementCombineUITests;
			productReference = ABA57F61259A77BB006D378C /* SwiftUI_IncrementCombineUITests.xctest */;
			productType = "com.apple.product-type.bundle.ui-testing";
		};
/* End PBXNativeTarget section */

/* Begin PBXProject section */
		ABA57F3D259A77B9006D378C /* Project object */ = {
			isa = PBXProject;
			attributes = {
				LastSwiftUpdateCheck = 1230;
				LastUpgradeCheck = 1230;
				TargetAttributes = {
					ABA57F44259A77B9006D378C = {
						CreatedOnToolsVersion = 12.3;
					};
					ABA57F55259A77BB006D378C = {
						CreatedOnToolsVersion = 12.3;
						TestTargetID = ABA57F44259A77B9006D378C;
					};
					ABA57F60259A77BB006D378C = {
						CreatedOnToolsVersion = 12.3;
						TestTargetID = ABA57F44259A77B9006D378C;
					};
				};
			};
			buildConfigurationList = ABA57F40259A77B9006D378C /* Build configuration list for PBXProject "SwiftUI_IncrementCombine" */;
			compatibilityVersion = "Xcode 9.3";
			developmentRegion = en;
			hasScannedForEncodings = 0;
			knownRegions = (
				en,
				Base,
			);
			mainGroup = ABA57F3C259A77B9006D378C;
			productRefGroup = ABA57F46259A77B9006D378C /* Products */;
			projectDirPath = "";
			projectRoot = "";
			targets = (
				ABA57F44259A77B9006D378C /* SwiftUI_IncrementCombine */,
				ABA57F55259A77BB006D378C /* SwiftUI_IncrementCombineTests */,
				ABA57F60259A77BB006D378C /* SwiftUI_IncrementCombineUITests */,
			);
		};
/* End PBXProject section */

/* Begin PBXResourcesBuildPhase section */
		ABA57F43259A77B9006D378C /* Resources */ = {
			isa = PBXResourcesBuildPhase;
			buildActionMask = 2147483647;
			files = (
				ABA57F50259A77BB006D378C /* Preview Assets.xcassets in Resources */,
				ABA57F4D259A77BB006D378C /* Assets.xcassets in Resources */,
			);
			runOnlyForDeploymentPostprocessing = 0;
		};
		ABA57F54259A77BB006D378C /* Resources */ = {
			isa = PBXResourcesBuildPhase;
			buildActionMask = 2147483647;
			files = (
			);
			runOnlyForDeploymentPostprocessing = 0;
		};
		ABA57F5F259A77BB006D378C /* Resources */ = {
			isa = PBXResourcesBuildPhase;
			buildActionMask = 2147483647;
			files = (
			);
			runOnlyForDeploymentPostprocessing = 0;
		};
/* End PBXResourcesBuildPhase section */

/* Begin PBXSourcesBuildPhase section */
		ABA57F41259A77B9006D378C /* Sources */ = {
			isa = PBXSourcesBuildPhase;
			buildActionMask = 2147483647;
			files = (
				ABA57F86259A7811006D378C /* LibModifiers.swift in Sources */,
				ABF38794259AB8E4007BD544 /* ModifierStructHelpers.swift in Sources */,
				AB9735C0259B6ADA00C269AA /* DropDownSubView.swift in Sources */,
				AB97360F259BA55500C269AA /* DropdownItemProtocol.swift in Sources */,
				AB9735CE259B6E5D00C269AA /* ExtLandingView.swift in Sources */,
				ABA57F81259A77F3006D378C /* LibTools2.swift in Sources */,
				ABA57F4B259A77B9006D378C /* LandingView.swift in Sources */,
				AB9735B8259B60E000C269AA /* CreateView.swift in Sources */,
				ABA57F79259A77DD006D378C /* LibTools.swift in Sources */,
				ABA57F49259A77B9006D378C /* SwiftUI_IncrementCombineApp.swift in Sources */,
				AB9735E5259B7A7F00C269AA /* RemindView.swift in Sources */,
				AB973606259BA44A00C269AA /* CreateChallengeViewModel.swift in Sources */,
			);
			runOnlyForDeploymentPostprocessing = 0;
		};
		ABA57F52259A77BB006D378C /* Sources */ = {
			isa = PBXSourcesBuildPhase;
			buildActionMask = 2147483647;
			files = (
				ABA57F5B259A77BB006D378C /* SwiftUI_IncrementCombineTests.swift in Sources */,
			);
			runOnlyForDeploymentPostprocessing = 0;
		};
		ABA57F5D259A77BB006D378C /* Sources */ = {
			isa = PBXSourcesBuildPhase;
			buildActionMask = 2147483647;
			files = (
				ABA57F66259A77BB006D378C /* SwiftUI_IncrementCombineUITests.swift in Sources */,
			);
			runOnlyForDeploymentPostprocessing = 0;
		};
/* End PBXSourcesBuildPhase section */

/* Begin PBXTargetDependency section */
		ABA57F58259A77BB006D378C /* PBXTargetDependency */ = {
			isa = PBXTargetDependency;
			target = ABA57F44259A77B9006D378C /* SwiftUI_IncrementCombine */;
			targetProxy = ABA57F57259A77BB006D378C /* PBXContainerItemProxy */;
		};
		ABA57F63259A77BB006D378C /* PBXTargetDependency */ = {
			isa = PBXTargetDependency;
			target = ABA57F44259A77B9006D378C /* SwiftUI_IncrementCombine */;
			targetProxy = ABA57F62259A77BB006D378C /* PBXContainerItemProxy */;
		};
/* End PBXTargetDependency section */

/* Begin XCBuildConfiguration section */
		ABA57F68259A77BB006D378C /* Debug */ = {
			isa = XCBuildConfiguration;
			buildSettings = {
				ALWAYS_SEARCH_USER_PATHS = NO;
				CLANG_ANALYZER_NONNULL = YES;
				CLANG_ANALYZER_NUMBER_OBJECT_CONVERSION = YES_AGGRESSIVE;
				CLANG_CXX_LANGUAGE_STANDARD = "gnu++14";
				CLANG_CXX_LIBRARY = "libc++";
				CLANG_ENABLE_MODULES = YES;
				CLANG_ENABLE_OBJC_ARC = YES;
				CLANG_ENABLE_OBJC_WEAK = YES;
				CLANG_WARN_BLOCK_CAPTURE_AUTORELEASING = YES;
				CLANG_WARN_BOOL_CONVERSION = YES;
				CLANG_WARN_COMMA = YES;
				CLANG_WARN_CONSTANT_CONVERSION = YES;
				CLANG_WARN_DEPRECATED_OBJC_IMPLEMENTATIONS = YES;
				CLANG_WARN_DIRECT_OBJC_ISA_USAGE = YES_ERROR;
				CLANG_WARN_DOCUMENTATION_COMMENTS = YES;
				CLANG_WARN_EMPTY_BODY = YES;
				CLANG_WARN_ENUM_CONVERSION = YES;
				CLANG_WARN_INFINITE_RECURSION = YES;
				CLANG_WARN_INT_CONVERSION = YES;
				CLANG_WARN_NON_LITERAL_NULL_CONVERSION = YES;
				CLANG_WARN_OBJC_IMPLICIT_RETAIN_SELF = YES;
				CLANG_WARN_OBJC_LITERAL_CONVERSION = YES;
				CLANG_WARN_OBJC_ROOT_CLASS = YES_ERROR;
				CLANG_WARN_QUOTED_INCLUDE_IN_FRAMEWORK_HEADER = YES;
				CLANG_WARN_RANGE_LOOP_ANALYSIS = YES;
				CLANG_WARN_STRICT_PROTOTYPES = YES;
				CLANG_WARN_SUSPICIOUS_MOVE = YES;
				CLANG_WARN_UNGUARDED_AVAILABILITY = YES_AGGRESSIVE;
				CLANG_WARN_UNREACHABLE_CODE = YES;
				CLANG_WARN__DUPLICATE_METHOD_MATCH = YES;
				COPY_PHASE_STRIP = NO;
				DEBUG_INFORMATION_FORMAT = dwarf;
				ENABLE_STRICT_OBJC_MSGSEND = YES;
				ENABLE_TESTABILITY = YES;
				GCC_C_LANGUAGE_STANDARD = gnu11;
				GCC_DYNAMIC_NO_PIC = NO;
				GCC_NO_COMMON_BLOCKS = YES;
				GCC_OPTIMIZATION_LEVEL = 0;
				GCC_PREPROCESSOR_DEFINITIONS = (
					"DEBUG=1",
					"$(inherited)",
				);
				GCC_WARN_64_TO_32_BIT_CONVERSION = YES;
				GCC_WARN_ABOUT_RETURN_TYPE = YES_ERROR;
				GCC_WARN_UNDECLARED_SELECTOR = YES;
				GCC_WARN_UNINITIALIZED_AUTOS = YES_AGGRESSIVE;
				GCC_WARN_UNUSED_FUNCTION = YES;
				GCC_WARN_UNUSED_VARIABLE = YES;
				IPHONEOS_DEPLOYMENT_TARGET = 14.3;
				MTL_ENABLE_DEBUG_INFO = INCLUDE_SOURCE;
				MTL_FAST_MATH = YES;
				ONLY_ACTIVE_ARCH = YES;
				SDKROOT = iphoneos;
				SWIFT_ACTIVE_COMPILATION_CONDITIONS = DEBUG;
				SWIFT_OPTIMIZATION_LEVEL = "-Onone";
			};
			name = Debug;
		};
		ABA57F69259A77BB006D378C /* Release */ = {
			isa = XCBuildConfiguration;
			buildSettings = {
				ALWAYS_SEARCH_USER_PATHS = NO;
				CLANG_ANALYZER_NONNULL = YES;
				CLANG_ANALYZER_NUMBER_OBJECT_CONVERSION = YES_AGGRESSIVE;
				CLANG_CXX_LANGUAGE_STANDARD = "gnu++14";
				CLANG_CXX_LIBRARY = "libc++";
				CLANG_ENABLE_MODULES = YES;
				CLANG_ENABLE_OBJC_ARC = YES;
				CLANG_ENABLE_OBJC_WEAK = YES;
				CLANG_WARN_BLOCK_CAPTURE_AUTORELEASING = YES;
				CLANG_WARN_BOOL_CONVERSION = YES;
				CLANG_WARN_COMMA = YES;
				CLANG_WARN_CONSTANT_CONVERSION = YES;
				CLANG_WARN_DEPRECATED_OBJC_IMPLEMENTATIONS = YES;
				CLANG_WARN_DIRECT_OBJC_ISA_USAGE = YES_ERROR;
				CLANG_WARN_DOCUMENTATION_COMMENTS = YES;
				CLANG_WARN_EMPTY_BODY = YES;
				CLANG_WARN_ENUM_CONVERSION = YES;
				CLANG_WARN_INFINITE_RECURSION = YES;
				CLANG_WARN_INT_CONVERSION = YES;
				CLANG_WARN_NON_LITERAL_NULL_CONVERSION = YES;
				CLANG_WARN_OBJC_IMPLICIT_RETAIN_SELF = YES;
				CLANG_WARN_OBJC_LITERAL_CONVERSION = YES;
				CLANG_WARN_OBJC_ROOT_CLASS = YES_ERROR;
				CLANG_WARN_QUOTED_INCLUDE_IN_FRAMEWORK_HEADER = YES;
				CLANG_WARN_RANGE_LOOP_ANALYSIS = YES;
				CLANG_WARN_STRICT_PROTOTYPES = YES;
				CLANG_WARN_SUSPICIOUS_MOVE = YES;
				CLANG_WARN_UNGUARDED_AVAILABILITY = YES_AGGRESSIVE;
				CLANG_WARN_UNREACHABLE_CODE = YES;
				CLANG_WARN__DUPLICATE_METHOD_MATCH = YES;
				COPY_PHASE_STRIP = NO;
				DEBUG_INFORMATION_FORMAT = "dwarf-with-dsym";
				ENABLE_NS_ASSERTIONS = NO;
				ENABLE_STRICT_OBJC_MSGSEND = YES;
				GCC_C_LANGUAGE_STANDARD = gnu11;
				GCC_NO_COMMON_BLOCKS = YES;
				GCC_WARN_64_TO_32_BIT_CONVERSION = YES;
				GCC_WARN_ABOUT_RETURN_TYPE = YES_ERROR;
				GCC_WARN_UNDECLARED_SELECTOR = YES;
				GCC_WARN_UNINITIALIZED_AUTOS = YES_AGGRESSIVE;
				GCC_WARN_UNUSED_FUNCTION = YES;
				GCC_WARN_UNUSED_VARIABLE = YES;
				IPHONEOS_DEPLOYMENT_TARGET = 14.3;
				MTL_ENABLE_DEBUG_INFO = NO;
				MTL_FAST_MATH = YES;
				SDKROOT = iphoneos;
				SWIFT_COMPILATION_MODE = wholemodule;
				SWIFT_OPTIMIZATION_LEVEL = "-O";
				VALIDATE_PRODUCT = YES;
			};
			name = Release;
		};
		ABA57F6B259A77BB006D378C /* Debug */ = {
			isa = XCBuildConfiguration;
			buildSettings = {
				ASSETCATALOG_COMPILER_APPICON_NAME = AppIcon;
				ASSETCATALOG_COMPILER_GLOBAL_ACCENT_COLOR_NAME = AccentColor;
				CODE_SIGN_STYLE = Automatic;
				DEVELOPMENT_ASSET_PATHS = "\"SwiftUI_IncrementCombine/Preview Content\"";
				DEVELOPMENT_TEAM = 8R94WS9HFC;
				ENABLE_PREVIEWS = YES;
				INFOPLIST_FILE = SwiftUI_IncrementCombine/Res/Info.plist;
				IPHONEOS_DEPLOYMENT_TARGET = 14.0;
				LD_RUNPATH_SEARCH_PATHS = (
					"$(inherited)",
					"@executable_path/Frameworks",
				);
				PRODUCT_BUNDLE_IDENTIFIER = "com.alias111.SwiftUI-IncrementCombine";
				PRODUCT_NAME = "$(TARGET_NAME)";
				SWIFT_VERSION = 5.0;
				TARGETED_DEVICE_FAMILY = "1,2";
			};
			name = Debug;
		};
		ABA57F6C259A77BB006D378C /* Release */ = {
			isa = XCBuildConfiguration;
			buildSettings = {
				ASSETCATALOG_COMPILER_APPICON_NAME = AppIcon;
				ASSETCATALOG_COMPILER_GLOBAL_ACCENT_COLOR_NAME = AccentColor;
				CODE_SIGN_STYLE = Automatic;
				DEVELOPMENT_ASSET_PATHS = "\"SwiftUI_IncrementCombine/Preview Content\"";
				DEVELOPMENT_TEAM = 8R94WS9HFC;
				ENABLE_PREVIEWS = YES;
				INFOPLIST_FILE = SwiftUI_IncrementCombine/Res/Info.plist;
				IPHONEOS_DEPLOYMENT_TARGET = 14.0;
				LD_RUNPATH_SEARCH_PATHS = (
					"$(inherited)",
					"@executable_path/Frameworks",
				);
				PRODUCT_BUNDLE_IDENTIFIER = "com.alias111.SwiftUI-IncrementCombine";
				PRODUCT_NAME = "$(TARGET_NAME)";
				SWIFT_VERSION = 5.0;
				TARGETED_DEVICE_FAMILY = "1,2";
			};
			name = Release;
		};
		ABA57F6E259A77BB006D378C /* Debug */ = {
			isa = XCBuildConfiguration;
			buildSettings = {
				ALWAYS_EMBED_SWIFT_STANDARD_LIBRARIES = YES;
				BUNDLE_LOADER = "$(TEST_HOST)";
				CODE_SIGN_STYLE = Automatic;
				DEVELOPMENT_TEAM = 8R94WS9HFC;
				INFOPLIST_FILE = SwiftUI_IncrementCombineTests/Info.plist;
				IPHONEOS_DEPLOYMENT_TARGET = 14.0;
				LD_RUNPATH_SEARCH_PATHS = (
					"$(inherited)",
					"@executable_path/Frameworks",
					"@loader_path/Frameworks",
				);
				PRODUCT_BUNDLE_IDENTIFIER = "com.alias111.SwiftUI-IncrementCombineTests";
				PRODUCT_NAME = "$(TARGET_NAME)";
				SWIFT_VERSION = 5.0;
				TARGETED_DEVICE_FAMILY = "1,2";
				TEST_HOST = "$(BUILT_PRODUCTS_DIR)/SwiftUI_IncrementCombine.app/SwiftUI_IncrementCombine";
			};
			name = Debug;
		};
		ABA57F6F259A77BB006D378C /* Release */ = {
			isa = XCBuildConfiguration;
			buildSettings = {
				ALWAYS_EMBED_SWIFT_STANDARD_LIBRARIES = YES;
				BUNDLE_LOADER = "$(TEST_HOST)";
				CODE_SIGN_STYLE = Automatic;
				DEVELOPMENT_TEAM = 8R94WS9HFC;
				INFOPLIST_FILE = SwiftUI_IncrementCombineTests/Info.plist;
				IPHONEOS_DEPLOYMENT_TARGET = 14.0;
				LD_RUNPATH_SEARCH_PATHS = (
					"$(inherited)",
					"@executable_path/Frameworks",
					"@loader_path/Frameworks",
				);
				PRODUCT_BUNDLE_IDENTIFIER = "com.alias111.SwiftUI-IncrementCombineTests";
				PRODUCT_NAME = "$(TARGET_NAME)";
				SWIFT_VERSION = 5.0;
				TARGETED_DEVICE_FAMILY = "1,2";
				TEST_HOST = "$(BUILT_PRODUCTS_DIR)/SwiftUI_IncrementCombine.app/SwiftUI_IncrementCombine";
			};
			name = Release;
		};
		ABA57F71259A77BB006D378C /* Debug */ = {
			isa = XCBuildConfiguration;
			buildSettings = {
				ALWAYS_EMBED_SWIFT_STANDARD_LIBRARIES = YES;
				CODE_SIGN_STYLE = Automatic;
				DEVELOPMENT_TEAM = 8R94WS9HFC;
				INFOPLIST_FILE = SwiftUI_IncrementCombineUITests/Info.plist;
				LD_RUNPATH_SEARCH_PATHS = (
					"$(inherited)",
					"@executable_path/Frameworks",
					"@loader_path/Frameworks",
				);
				PRODUCT_BUNDLE_IDENTIFIER = "com.alias111.SwiftUI-IncrementCombineUITests";
				PRODUCT_NAME = "$(TARGET_NAME)";
				SWIFT_VERSION = 5.0;
				TARGETED_DEVICE_FAMILY = "1,2";
				TEST_TARGET_NAME = SwiftUI_IncrementCombine;
			};
			name = Debug;
		};
		ABA57F72259A77BB006D378C /* Release */ = {
			isa = XCBuildConfiguration;
			buildSettings = {
				ALWAYS_EMBED_SWIFT_STANDARD_LIBRARIES = YES;
				CODE_SIGN_STYLE = Automatic;
				DEVELOPMENT_TEAM = 8R94WS9HFC;
				INFOPLIST_FILE = SwiftUI_IncrementCombineUITests/Info.plist;
				LD_RUNPATH_SEARCH_PATHS = (
					"$(inherited)",
					"@executable_path/Frameworks",
					"@loader_path/Frameworks",
				);
				PRODUCT_BUNDLE_IDENTIFIER = "com.alias111.SwiftUI-IncrementCombineUITests";
				PRODUCT_NAME = "$(TARGET_NAME)";
				SWIFT_VERSION = 5.0;
				TARGETED_DEVICE_FAMILY = "1,2";
				TEST_TARGET_NAME = SwiftUI_IncrementCombine;
			};
			name = Release;
		};
/* End XCBuildConfiguration section */

/* Begin XCConfigurationList section */
		ABA57F40259A77B9006D378C /* Build configuration list for PBXProject "SwiftUI_IncrementCombine" */ = {
			isa = XCConfigurationList;
			buildConfigurations = (
				ABA57F68259A77BB006D378C /* Debug */,
				ABA57F69259A77BB006D378C /* Release */,
			);
			defaultConfigurationIsVisible = 0;
			defaultConfigurationName = Release;
		};
		ABA57F6A259A77BB006D378C /* Build configuration list for PBXNativeTarget "SwiftUI_IncrementCombine" */ = {
			isa = XCConfigurationList;
			buildConfigurations = (
				ABA57F6B259A77BB006D378C /* Debug */,
				ABA57F6C259A77BB006D378C /* Release */,
			);
			defaultConfigurationIsVisible = 0;
			defaultConfigurationName = Release;
		};
		ABA57F6D259A77BB006D378C /* Build configuration list for PBXNativeTarget "SwiftUI_IncrementCombineTests" */ = {
			isa = XCConfigurationList;
			buildConfigurations = (
				ABA57F6E259A77BB006D378C /* Debug */,
				ABA57F6F259A77BB006D378C /* Release */,
			);
			defaultConfigurationIsVisible = 0;
			defaultConfigurationName = Release;
		};
		ABA57F70259A77BB006D378C /* Build configuration list for PBXNativeTarget "SwiftUI_IncrementCombineUITests" */ = {
			isa = XCConfigurationList;
			buildConfigurations = (
				ABA57F71259A77BB006D378C /* Debug */,
				ABA57F72259A77BB006D378C /* Release */,
			);
			defaultConfigurationIsVisible = 0;
			defaultConfigurationName = Release;
		};
/* End XCConfigurationList section */
	};
	rootObject = ABA57F3D259A77B9006D378C /* Project object */;
}
